{
    "_readme": [
        "This file locks the dependencies of your project to a known state",
        "Read more about it at https://getcomposer.org/doc/01-basic-usage.md#installing-dependencies",
        "This file is @generated automatically"
    ],
    "content-hash": "7d6ff8302a30e2c6ba0bc7f048d3b9ba",
    "packages": [
        {
            "name": "psr/log",
            "version": "1.1.0",
            "source": {
                "type": "git",
                "url": "https://github.com/php-fig/log.git",
                "reference": "6c001f1daafa3a3ac1d8ff69ee4db8e799a654dd"
            },
            "dist": {
                "type": "zip",
                "url": "https://api.github.com/repos/php-fig/log/zipball/6c001f1daafa3a3ac1d8ff69ee4db8e799a654dd",
                "reference": "6c001f1daafa3a3ac1d8ff69ee4db8e799a654dd",
                "shasum": ""
            },
            "require": {
                "php": ">=5.3.0"
            },
            "type": "library",
            "extra": {
                "branch-alias": {
                    "dev-master": "1.0.x-dev"
                }
            },
            "autoload": {
                "psr-4": {
                    "Psr\\Log\\": "Psr/Log/"
                }
            },
            "notification-url": "https://packagist.org/downloads/",
            "license": [
                "MIT"
            ],
            "authors": [
                {
                    "name": "PHP-FIG",
                    "homepage": "http://www.php-fig.org/"
                }
            ],
            "description": "Common interface for logging libraries",
            "homepage": "https://github.com/php-fig/log",
            "keywords": [
                "log",
                "psr",
                "psr-3"
            ],
            "time": "2018-11-20T15:27:04+00:00"
        },
        {
            "name": "yandex-money/yandex-checkout-sdk-php",
            "version": "1.4.2",
            "source": {
                "type": "git",
                "url": "https://github.com/yandex-money/yandex-checkout-sdk-php.git",
                "reference": "a67248b2c8d5f7ca6692a4b181d4c6119e80bc9e"
            },
            "dist": {
                "type": "zip",
                "url": "https://api.github.com/repos/yandex-money/yandex-checkout-sdk-php/zipball/a67248b2c8d5f7ca6692a4b181d4c6119e80bc9e",
                "reference": "a67248b2c8d5f7ca6692a4b181d4c6119e80bc9e",
                "shasum": ""
            },
            "require": {
                "ext-curl": "*",
                "ext-json": "*",
                "ext-mbstring": "*",
                "php": ">=5.3.0",
                "psr/log": "^1.0"
            },
            "require-dev": {
                "ext-xml": "*",
                "mockery/mockery": "^0.9.9",
                "phpunit/phpunit": "^4.8.35 || ^5.7"
            },
            "type": "library",
            "autoload": {
                "psr-4": {
                    "YandexCheckout\\": "lib/"
                }
            },
            "notification-url": "https://packagist.org/downloads/",
            "license": [
                "MIT"
            ],
            "time": "2019-08-26T11:01:26+00:00"
        },
        {
            "name": "yandex-money/yandex-money-sdk-php",
            "version": "v3.0.9",
            "source": {
                "type": "git",
                "url": "https://github.com/yandex-money/yandex-money-sdk-php.git",
                "reference": "4d8bb506f67dcd90f400b47e656dd8e173efa8c6"
            },
            "dist": {
                "type": "zip",
                "url": "https://api.github.com/repos/yandex-money/yandex-money-sdk-php/zipball/4d8bb506f67dcd90f400b47e656dd8e173efa8c6",
                "reference": "4d8bb506f67dcd90f400b47e656dd8e173efa8c6",
                "shasum": ""
            },
            "require": {
                "php": ">=5.3.0"
            },
            "require-dev": {
                "phpunit/phpunit": "3.7.*"
            },
            "type": "library",
            "autoload": {
                "classmap": [
                    "lib/"
                ]
            },
            "notification-url": "https://packagist.org/downloads/",
            "license": [
                "MIT"
            ],
            "description": "Yandex.Money API SDK for PHP",
            "keywords": [
                "money",
                "payment",
                "php",
                "sdk",
                "yandex",
                "yandex.money"
            ],
            "time": "2015-02-02T16:45:08+00:00"
        }
    ],
    "packages-dev": [],
    "aliases": [],
    "minimum-stability": "stable",
    "stability-flags": [],
    "prefer-stable": false,
    "prefer-lowest": false,
    "platform": [],
    "platform-dev": []
}
